
Microsoft Visual Studio Solution File, Format Version 12.00
# Visual Studio Version 17
VisualStudioVersion = 17.12.35514.174 d17.12
MinimumVisualStudioVersion = 10.0.40219.1
Project("{FAE04EC0-301F-11D3-BF4B-00C04F79EFBC}") = "day-1", "day-1\day-1.csproj", "{880A3EF0-E133-4DD4-8F2E-F7A557430DFC}"
EndProject
Project("{2150E333-8FDC-42A3-9474-1A3956D46DE8}") = "Solution Items", "Solution Items", "{FE1E0716-A1EE-4A4F-A8FC-220DEA8854C4}"
	ProjectSection(SolutionItems) = preProject
		.editorconfig = .editorconfig
		.gitignore = .gitignore
	EndProjectSection
EndProject
Project("{FAE04EC0-301F-11D3-BF4B-00C04F79EFBC}") = "day-2", "day-2\day-2.csproj", "{0C5DF5DB-1823-4E9E-B6B4-04536EDBABA9}"
EndProject
Project("{FAE04EC0-301F-11D3-BF4B-00C04F79EFBC}") = "day-2-p2", "day-2-p2\day-2-p2.csproj", "{9CB171BF-D3EB-46D5-A660-CB79712D7EBB}"
EndProject
Global
	GlobalSection(SolutionConfigurationPlatforms) = preSolution
		Debug|Any CPU = Debug|Any CPU
		Release|Any CPU = Release|Any CPU
	EndGlobalSection
	GlobalSection(ProjectConfigurationPlatforms) = postSolution
		{880A3EF0-E133-4DD4-8F2E-F7A557430DFC}.Debug|Any CPU.ActiveCfg = Debug|Any CPU
		{880A3EF0-E133-4DD4-8F2E-F7A557430DFC}.Debug|Any CPU.Build.0 = Debug|Any CPU
		{880A3EF0-E133-4DD4-8F2E-F7A557430DFC}.Release|Any CPU.ActiveCfg = Release|Any CPU
		{880A3EF0-E133-4DD4-8F2E-F7A557430DFC}.Release|Any CPU.Build.0 = Release|Any CPU
		{0C5DF5DB-1823-4E9E-B6B4-04536EDBABA9}.Debug|Any CPU.ActiveCfg = Debug|Any CPU
		{0C5DF5DB-1823-4E9E-B6B4-04536EDBABA9}.Debug|Any CPU.Build.0 = Debug|Any CPU
		{0C5DF5DB-1823-4E9E-B6B4-04536EDBABA9}.Release|Any CPU.ActiveCfg = Release|Any CPU
		{0C5DF5DB-1823-4E9E-B6B4-04536EDBABA9}.Release|Any CPU.Build.0 = Release|Any CPU
		{9CB171BF-D3EB-46D5-A660-CB79712D7EBB}.Debug|Any CPU.ActiveCfg = Debug|Any CPU
		{9CB171BF-D3EB-46D5-A660-CB79712D7EBB}.Debug|Any CPU.Build.0 = Debug|Any CPU
		{9CB171BF-D3EB-46D5-A660-CB79712D7EBB}.Release|Any CPU.ActiveCfg = Release|Any CPU
		{9CB171BF-D3EB-46D5-A660-CB79712D7EBB}.Release|Any CPU.Build.0 = Release|Any CPU
	EndGlobalSection
	GlobalSection(SolutionProperties) = preSolution
		HideSolutionNode = FALSE
	EndGlobalSection
EndGlobal
